
Microsoft Visual Studio Solution File, Format Version 12.00
# Visual Studio Version 17
VisualStudioVersion = 17.6.33829.357
MinimumVisualStudioVersion = 10.0.40219.1
Project("{FAE04EC0-301F-11D3-BF4B-00C04F79EFBC}") = "MaHoaHiu", "MaHoaHiu\MaHoaHiu.csproj", "{2454615E-B8FF-4060-B9D9-E1F5FEB40186}"
EndProject
Global
	GlobalSection(SolutionConfigurationPlatforms) = preSolution
		Debug|Any CPU = Debug|Any CPU
		Release|Any CPU = Release|Any CPU
	EndGlobalSection
	GlobalSection(ProjectConfigurationPlatforms) = postSolution
		{2454615E-B8FF-4060-B9D9-E1F5FEB40186}.Debug|Any CPU.ActiveCfg = Debug|Any CPU
		{2454615E-B8FF-4060-B9D9-E1F5FEB40186}.Debug|Any CPU.Build.0 = Debug|Any CPU
		{2454615E-B8FF-4060-B9D9-E1F5FEB40186}.Release|Any CPU.ActiveCfg = Release|Any CPU
		{2454615E-B8FF-4060-B9D9-E1F5FEB40186}.Release|Any CPU.Build.0 = Release|Any CPU
	EndGlobalSection
	GlobalSection(SolutionProperties) = preSolution
		HideSolutionNode = FALSE
	EndGlobalSection
	GlobalSection(ExtensibilityGlobals) = postSolution
		SolutionGuid = {112A8AB8-4908-47E5-AB4D-1B078CBEAB43}
	EndGlobalSection
EndGlobal
